// !$*UTF8*$!
{
	archiveVersion = 1;
	classes = {
	};
	objectVersion = 56;
	objects = {

/* Begin PBXBuildFile section */
		11AAD1EF299F74AB00702537 /* ContactInfoViewController.swift in Sources */ = {isa = PBXBuildFile; fileRef = 11AAD1EE299F74AB00702537 /* ContactInfoViewController.swift */; };
		11AAD21D299FA26300702537 /* DetailsTableViewController.swift in Sources */ = {isa = PBXBuildFile; fileRef = 11AAD21C299FA26300702537 /* DetailsTableViewController.swift */; };
		11AAD21F299FB0E800702537 /* TabBarController.swift in Sources */ = {isa = PBXBuildFile; fileRef = 11AAD21E299FB0E800702537 /* TabBarController.swift */; };
		11AAD223299FBF6C00702537 /* CustomTableViewCell.swift in Sources */ = {isa = PBXBuildFile; fileRef = 11AAD222299FBF6C00702537 /* CustomTableViewCell.swift */; };
		11E61E25299E8E2F00C0D24F /* AppDelegate.swift in Sources */ = {isa = PBXBuildFile; fileRef = 11E61E24299E8E2F00C0D24F /* AppDelegate.swift */; };
		11E61E27299E8E2F00C0D24F /* SceneDelegate.swift in Sources */ = {isa = PBXBuildFile; fileRef = 11E61E26299E8E2F00C0D24F /* SceneDelegate.swift */; };
		11E61E2C299E8E2F00C0D24F /* Main.storyboard in Resources */ = {isa = PBXBuildFile; fileRef = 11E61E2A299E8E2F00C0D24F /* Main.storyboard */; };
		11E61E2E299E8E3000C0D24F /* Assets.xcassets in Resources */ = {isa = PBXBuildFile; fileRef = 11E61E2D299E8E3000C0D24F /* Assets.xcassets */; };
		11E61E31299E8E3000C0D24F /* LaunchScreen.storyboard in Resources */ = {isa = PBXBuildFile; fileRef = 11E61E2F299E8E3000C0D24F /* LaunchScreen.storyboard */; };
		11E61E3B299E8F6000C0D24F /* ContactListViewController.swift in Sources */ = {isa = PBXBuildFile; fileRef = 11E61E3A299E8F6000C0D24F /* ContactListViewController.swift */; };
		11E61E41299E919C00C0D24F /* Person.swift in Sources */ = {isa = PBXBuildFile; fileRef = 11E61E40299E919C00C0D24F /* Person.swift */; };
		11E61E43299E91D500C0D24F /* DataManager.swift in Sources */ = {isa = PBXBuildFile; fileRef = 11E61E42299E91D500C0D24F /* DataManager.swift */; };
/* End PBXBuildFile section */

/* Begin PBXFileReference section */
		11AAD1EE299F74AB00702537 /* ContactInfoViewController.swift */ = {isa = PBXFileReference; lastKnownFileType = sourcecode.swift; path = ContactInfoViewController.swift; sourceTree = "<group>"; };
		11AAD21C299FA26300702537 /* DetailsTableViewController.swift */ = {isa = PBXFileReference; lastKnownFileType = sourcecode.swift; path = DetailsTableViewController.swift; sourceTree = "<group>"; };
		11AAD21E299FB0E800702537 /* TabBarController.swift */ = {isa = PBXFileReference; lastKnownFileType = sourcecode.swift; path = TabBarController.swift; sourceTree = "<group>"; };
		11AAD222299FBF6C00702537 /* CustomTableViewCell.swift */ = {isa = PBXFileReference; lastKnownFileType = sourcecode.swift; path = CustomTableViewCell.swift; sourceTree = "<group>"; };
		11E61E21299E8E2F00C0D24F /* HW7.app */ = {isa = PBXFileReference; explicitFileType = wrapper.application; includeInIndex = 0; path = HW7.app; sourceTree = BUILT_PRODUCTS_DIR; };
		11E61E24299E8E2F00C0D24F /* AppDelegate.swift */ = {isa = PBXFileReference; lastKnownFileType = sourcecode.swift; path = AppDelegate.swift; sourceTree = "<group>"; };
		11E61E26299E8E2F00C0D24F /* SceneDelegate.swift */ = {isa = PBXFileReference; lastKnownFileType = sourcecode.swift; path = SceneDelegate.swift; sourceTree = "<group>"; };
		11E61E2B299E8E2F00C0D24F /* Base */ = {isa = PBXFileReference; lastKnownFileType = file.storyboard; name = Base; path = Base.lproj/Main.storyboard; sourceTree = "<group>"; };
		11E61E2D299E8E3000C0D24F /* Assets.xcassets */ = {isa = PBXFileReference; lastKnownFileType = folder.assetcatalog; path = Assets.xcassets; sourceTree = "<group>"; };
		11E61E30299E8E3000C0D24F /* Base */ = {isa = PBXFileReference; lastKnownFileType = file.storyboard; name = Base; path = Base.lproj/LaunchScreen.storyboard; sourceTree = "<group>"; };
		11E61E32299E8E3000C0D24F /* Info.plist */ = {isa = PBXFileReference; lastKnownFileType = text.plist.xml; path = Info.plist; sourceTree = "<group>"; };
		11E61E3A299E8F6000C0D24F /* ContactListViewController.swift */ = {isa = PBXFileReference; lastKnownFileType = sourcecode.swift; path = ContactListViewController.swift; sourceTree = "<group>"; };
		11E61E40299E919C00C0D24F /* Person.swift */ = {isa = PBXFileReference; lastKnownFileType = sourcecode.swift; path = Person.swift; sourceTree = "<group>"; };
		11E61E42299E91D500C0D24F /* DataManager.swift */ = {isa = PBXFileReference; lastKnownFileType = sourcecode.swift; path = DataManager.swift; sourceTree = "<group>"; };
/* End PBXFileReference section */

/* Begin PBXFrameworksBuildPhase section */
		11E61E1E299E8E2F00C0D24F /* Frameworks */ = {
			isa = PBXFrameworksBuildPhase;
			buildActionMask = 2147483647;
			files = (
			);
			runOnlyForDeploymentPostprocessing = 0;
		};
/* End PBXFrameworksBuildPhase section */

/* Begin PBXGroup section */
		11E61E18299E8E2F00C0D24F = {
			isa = PBXGroup;
			children = (
				11E61E23299E8E2F00C0D24F /* HW7 */,
				11E61E22299E8E2F00C0D24F /* Products */,
			);
			sourceTree = "<group>";
		};
		11E61E22299E8E2F00C0D24F /* Products */ = {
			isa = PBXGroup;
			children = (
				11E61E21299E8E2F00C0D24F /* HW7.app */,
			);
			name = Products;
			sourceTree = "<group>";
		};
		11E61E23299E8E2F00C0D24F /* HW7 */ = {
			isa = PBXGroup;
			children = (
				11E61E3D299E907D00C0D24F /* Models */,
				11E61E3C299E906300C0D24F /* Storyboards */,
				11E61E39299E8F4A00C0D24F /* View Controllers */,
				11E61E38299E8E3F00C0D24F /* Supporting Files */,
				11E61E2D299E8E3000C0D24F /* Assets.xcassets */,
				11AAD222299FBF6C00702537 /* CustomTableViewCell.swift */,
			);
			path = HW7;
			sourceTree = "<group>";
		};
		11E61E38299E8E3F00C0D24F /* Supporting Files */ = {
			isa = PBXGroup;
			children = (
				11E61E24299E8E2F00C0D24F /* AppDelegate.swift */,
				11E61E32299E8E3000C0D24F /* Info.plist */,
				11E61E26299E8E2F00C0D24F /* SceneDelegate.swift */,
			);
			path = "Supporting Files";
			sourceTree = "<group>";
		};
		11E61E39299E8F4A00C0D24F /* View Controllers */ = {
			isa = PBXGroup;
			children = (
				11E61E3A299E8F6000C0D24F /* ContactListViewController.swift */,
				11AAD1EE299F74AB00702537 /* ContactInfoViewController.swift */,
				11AAD21C299FA26300702537 /* DetailsTableViewController.swift */,
				11AAD21E299FB0E800702537 /* TabBarController.swift */,
			);
			path = "View Controllers";
			sourceTree = "<group>";
		};
		11E61E3C299E906300C0D24F /* Storyboards */ = {
			isa = PBXGroup;
			children = (
				11E61E2A299E8E2F00C0D24F /* Main.storyboard */,
				11E61E2F299E8E3000C0D24F /* LaunchScreen.storyboard */,
			);
			path = Storyboards;
			sourceTree = "<group>";
		};
		11E61E3D299E907D00C0D24F /* Models */ = {
			isa = PBXGroup;
			children = (
				11E61E40299E919C00C0D24F /* Person.swift */,
				11E61E42299E91D500C0D24F /* DataManager.swift */,
			);
			path = Models;
			sourceTree = "<group>";
		};
/* End PBXGroup section */

/* Begin PBXNativeTarget section */
		11E61E20299E8E2F00C0D24F /* HW7 */ = {
			isa = PBXNativeTarget;
			buildConfigurationList = 11E61E35299E8E3000C0D24F /* Build configuration list for PBXNativeTarget "HW7" */;
			buildPhases = (
				11E61E1D299E8E2F00C0D24F /* Sources */,
				11E61E1E299E8E2F00C0D24F /* Frameworks */,
				11E61E1F299E8E2F00C0D24F /* Resources */,
			);
			buildRules = (
			);
			dependencies = (
			);
			name = HW7;
			productName = HW7;
			productReference = 11E61E21299E8E2F00C0D24F /* HW7.app */;
			productType = "com.apple.product-type.application";
		};
/* End PBXNativeTarget section */

/* Begin PBXProject section */
		11E61E19299E8E2F00C0D24F /* Project object */ = {
			isa = PBXProject;
			attributes = {
				BuildIndependentTargetsInParallel = 1;
				LastSwiftUpdateCheck = 1420;
				LastUpgradeCheck = 1420;
				TargetAttributes = {
					11E61E20299E8E2F00C0D24F = {
						CreatedOnToolsVersion = 14.2;
					};
				};
			};
			buildConfigurationList = 11E61E1C299E8E2F00C0D24F /* Build configuration list for PBXProject "HW7" */;
			compatibilityVersion = "Xcode 14.0";
			developmentRegion = en;
			hasScannedForEncodings = 0;
			knownRegions = (
				en,
				Base,
			);
			mainGroup = 11E61E18299E8E2F00C0D24F;
			productRefGroup = 11E61E22299E8E2F00C0D24F /* Products */;
			projectDirPath = "";
			projectRoot = "";
			targets = (
				11E61E20299E8E2F00C0D24F /* HW7 */,
			);
		};
/* End PBXProject section */

/* Begin PBXResourcesBuildPhase section */
		11E61E1F299E8E2F00C0D24F /* Resources */ = {
			isa = PBXResourcesBuildPhase;
			buildActionMask = 2147483647;
			files = (
				11E61E31299E8E3000C0D24F /* LaunchScreen.storyboard in Resources */,
				11E61E2E299E8E3000C0D24F /* Assets.xcassets in Resources */,
				11E61E2C299E8E2F00C0D24F /* Main.storyboard in Resources */,
			);
			runOnlyForDeploymentPostprocessing = 0;
		};
/* End PBXResourcesBuildPhase section */

/* Begin PBXSourcesBuildPhase section */
		11E61E1D299E8E2F00C0D24F /* Sources */ = {
			isa = PBXSourcesBuildPhase;
			buildActionMask = 2147483647;
			files = (
				11AAD223299FBF6C00702537 /* CustomTableViewCell.swift in Sources */,
				11E61E41299E919C00C0D24F /* Person.swift in Sources */,
				11AAD21F299FB0E800702537 /* TabBarController.swift in Sources */,
				11E61E43299E91D500C0D24F /* DataManager.swift in Sources */,
				11E61E25299E8E2F00C0D24F /* AppDelegate.swift in Sources */,
				11AAD1EF299F74AB00702537 /* ContactInfoViewController.swift in Sources */,
				11E61E27299E8E2F00C0D24F /* SceneDelegate.swift in Sources */,
				11AAD21D299FA26300702537 /* DetailsTableViewController.swift in Sources */,
				11E61E3B299E8F6000C0D24F /* ContactListViewController.swift in Sources */,
			);
			runOnlyForDeploymentPostprocessing = 0;
		};
/* End PBXSourcesBuildPhase section */

/* Begin PBXVariantGroup section */
		11E61E2A299E8E2F00C0D24F /* Main.storyboard */ = {
			isa = PBXVariantGroup;
			children = (
				11E61E2B299E8E2F00C0D24F /* Base */,
			);
			name = Main.storyboard;
			sourceTree = "<group>";
		};
		11E61E2F299E8E3000C0D24F /* LaunchScreen.storyboard */ = {
			isa = PBXVariantGroup;
			children = (
				11E61E30299E8E3000C0D24F /* Base */,
			);
			name = LaunchScreen.storyboard;
			sourceTree = "<group>";
		};
/* End PBXVariantGroup section */

/* Begin XCBuildConfiguration section */
		11E61E33299E8E3000C0D24F /* Debug */ = {
			isa = XCBuildConfiguration;
			buildSettings = {
				ALWAYS_SEARCH_USER_PATHS = NO;
				CLANG_ANALYZER_NONNULL = YES;
				CLANG_ANALYZER_NUMBER_OBJECT_CONVERSION = YES_AGGRESSIVE;
				CLANG_CXX_LANGUAGE_STANDARD = "gnu++20";
				CLANG_ENABLE_MODULES = YES;
				CLANG_ENABLE_OBJC_ARC = YES;
				CLANG_ENABLE_OBJC_WEAK = YES;
				CLANG_WARN_BLOCK_CAPTURE_AUTORELEASING = YES;
				CLANG_WARN_BOOL_CONVERSION = YES;
				CLANG_WARN_COMMA = YES;
				CLANG_WARN_CONSTANT_CONVERSION = YES;
				CLANG_WARN_DEPRECATED_OBJC_IMPLEMENTATIONS = YES;
				CLANG_WARN_DIRECT_OBJC_ISA_USAGE = YES_ERROR;
				CLANG_WARN_DOCUMENTATION_COMMENTS = YES;
				CLANG_WARN_EMPTY_BODY = YES;
				CLANG_WARN_ENUM_CONVERSION = YES;
				CLANG_WARN_INFINITE_RECURSION = YES;
				CLANG_WARN_INT_CONVERSION = YES;
				CLANG_WARN_NON_LITERAL_NULL_CONVERSION = YES;
				CLANG_WARN_OBJC_IMPLICIT_RETAIN_SELF = YES;
				CLANG_WARN_OBJC_LITERAL_CONVERSION = YES;
				CLANG_WARN_OBJC_ROOT_CLASS = YES_ERROR;
				CLANG_WARN_QUOTED_INCLUDE_IN_FRAMEWORK_HEADER = YES;
				CLANG_WARN_RANGE_LOOP_ANALYSIS = YES;
				CLANG_WARN_STRICT_PROTOTYPES = YES;
				CLANG_WARN_SUSPICIOUS_MOVE = YES;
				CLANG_WARN_UNGUARDED_AVAILABILITY = YES_AGGRESSIVE;
				CLANG_WARN_UNREACHABLE_CODE = YES;
				CLANG_WARN__DUPLICATE_METHOD_MATCH = YES;
				COPY_PHASE_STRIP = NO;
				DEBUG_INFORMATION_FORMAT = dwarf;
				ENABLE_STRICT_OBJC_MSGSEND = YES;
				ENABLE_TESTABILITY = YES;
				GCC_C_LANGUAGE_STANDARD = gnu11;
				GCC_DYNAMIC_NO_PIC = NO;
				GCC_NO_COMMON_BLOCKS = YES;
				GCC_OPTIMIZATION_LEVEL = 0;
				GCC_PREPROCESSOR_DEFINITIONS = (
					"DEBUG=1",
					"$(inherited)",
				);
				GCC_WARN_64_TO_32_BIT_CONVERSION = YES;
				GCC_WARN_ABOUT_RETURN_TYPE = YES_ERROR;
				GCC_WARN_UNDECLARED_SELECTOR = YES;
				GCC_WARN_UNINITIALIZED_AUTOS = YES_AGGRESSIVE;
				GCC_WARN_UNUSED_FUNCTION = YES;
				GCC_WARN_UNUSED_VARIABLE = YES;
				IPHONEOS_DEPLOYMENT_TARGET = 16.2;
				MTL_ENABLE_DEBUG_INFO = INCLUDE_SOURCE;
				MTL_FAST_MATH = YES;
				ONLY_ACTIVE_ARCH = YES;
				SDKROOT = iphoneos;
				SWIFT_ACTIVE_COMPILATION_CONDITIONS = DEBUG;
				SWIFT_OPTIMIZATION_LEVEL = "-Onone";
			};
			name = Debug;
		};
		11E61E34299E8E3000C0D24F /* Release */ = {
			isa = XCBuildConfiguration;
			buildSettings = {
				ALWAYS_SEARCH_USER_PATHS = NO;
				CLANG_ANALYZER_NONNULL = YES;
				CLANG_ANALYZER_NUMBER_OBJECT_CONVERSION = YES_AGGRESSIVE;
				CLANG_CXX_LANGUAGE_STANDARD = "gnu++20";
				CLANG_ENABLE_MODULES = YES;
				CLANG_ENABLE_OBJC_ARC = YES;
				CLANG_ENABLE_OBJC_WEAK = YES;
				CLANG_WARN_BLOCK_CAPTURE_AUTORELEASING = YES;
				CLANG_WARN_BOOL_CONVERSION = YES;
				CLANG_WARN_COMMA = YES;
				CLANG_WARN_CONSTANT_CONVERSION = YES;
				CLANG_WARN_DEPRECATED_OBJC_IMPLEMENTATIONS = YES;
				CLANG_WARN_DIRECT_OBJC_ISA_USAGE = YES_ERROR;
				CLANG_WARN_DOCUMENTATION_COMMENTS = YES;
				CLANG_WARN_EMPTY_BODY = YES;
				CLANG_WARN_ENUM_CONVERSION = YES;
				CLANG_WARN_INFINITE_RECURSION = YES;
				CLANG_WARN_INT_CONVERSION = YES;
				CLANG_WARN_NON_LITERAL_NULL_CONVERSION = YES;
				CLANG_WARN_OBJC_IMPLICIT_RETAIN_SELF = YES;
				CLANG_WARN_OBJC_LITERAL_CONVERSION = YES;
				CLANG_WARN_OBJC_ROOT_CLASS = YES_ERROR;
				CLANG_WARN_QUOTED_INCLUDE_IN_FRAMEWORK_HEADER = YES;
				CLANG_WARN_RANGE_LOOP_ANALYSIS = YES;
				CLANG_WARN_STRICT_PROTOTYPES = YES;
				CLANG_WARN_SUSPICIOUS_MOVE = YES;
				CLANG_WARN_UNGUARDED_AVAILABILITY = YES_AGGRESSIVE;
				CLANG_WARN_UNREACHABLE_CODE = YES;
				CLANG_WARN__DUPLICATE_METHOD_MATCH = YES;
				COPY_PHASE_STRIP = NO;
				DEBUG_INFORMATION_FORMAT = "dwarf-with-dsym";
				ENABLE_NS_ASSERTIONS = NO;
				ENABLE_STRICT_OBJC_MSGSEND = YES;
				GCC_C_LANGUAGE_STANDARD = gnu11;
				GCC_NO_COMMON_BLOCKS = YES;
				GCC_WARN_64_TO_32_BIT_CONVERSION = YES;
				GCC_WARN_ABOUT_RETURN_TYPE = YES_ERROR;
				GCC_WARN_UNDECLARED_SELECTOR = YES;
				GCC_WARN_UNINITIALIZED_AUTOS = YES_AGGRESSIVE;
				GCC_WARN_UNUSED_FUNCTION = YES;
				GCC_WARN_UNUSED_VARIABLE = YES;
				IPHONEOS_DEPLOYMENT_TARGET = 16.2;
				MTL_ENABLE_DEBUG_INFO = NO;
				MTL_FAST_MATH = YES;
				SDKROOT = iphoneos;
				SWIFT_COMPILATION_MODE = wholemodule;
				SWIFT_OPTIMIZATION_LEVEL = "-O";
				VALIDATE_PRODUCT = YES;
			};
			name = Release;
		};
		11E61E36299E8E3000C0D24F /* Debug */ = {
			isa = XCBuildConfiguration;
			buildSettings = {
				ASSETCATALOG_COMPILER_APPICON_NAME = AppIcon;
				ASSETCATALOG_COMPILER_GLOBAL_ACCENT_COLOR_NAME = AccentColor;
				CODE_SIGN_STYLE = Automatic;
				CURRENT_PROJECT_VERSION = 1;
				DEVELOPMENT_TEAM = 339Z7S98QQ;
				GENERATE_INFOPLIST_FILE = YES;
				INFOPLIST_FILE = "HW7/Supporting Files/Info.plist";
				INFOPLIST_KEY_UIApplicationSupportsIndirectInputEvents = YES;
				INFOPLIST_KEY_UILaunchStoryboardName = LaunchScreen;
				INFOPLIST_KEY_UIMainStoryboardFile = Main;
				INFOPLIST_KEY_UISupportedInterfaceOrientations_iPad = "UIInterfaceOrientationPortrait UIInterfaceOrientationPortraitUpsideDown UIInterfaceOrientationLandscapeLeft UIInterfaceOrientationLandscapeRight";
				INFOPLIST_KEY_UISupportedInterfaceOrientations_iPhone = "UIInterfaceOrientationPortrait UIInterfaceOrientationLandscapeLeft UIInterfaceOrientationLandscapeRight";
				IPHONEOS_DEPLOYMENT_TARGET = 15.0;
				LD_RUNPATH_SEARCH_PATHS = (
					"$(inherited)",
					"@executable_path/Frameworks",
				);
				MARKETING_VERSION = 1.0;
				PRODUCT_BUNDLE_IDENTIFIER = com.example.HW7;
				PRODUCT_NAME = "$(TARGET_NAME)";
				SUPPORTED_PLATFORMS = "iphoneos iphonesimulator";
				SUPPORTS_MACCATALYST = NO;
				SUPPORTS_MAC_DESIGNED_FOR_IPHONE_IPAD = NO;
				SWIFT_EMIT_LOC_STRINGS = YES;
				SWIFT_VERSION = 5.0;
				TARGETED_DEVICE_FAMILY = 1;
			};
			name = Debug;
		};
		11E61E37299E8E3000C0D24F /* Release */ = {
			isa = XCBuildConfiguration;
			buildSettings = {
				ASSETCATALOG_COMPILER_APPICON_NAME = AppIcon;
				ASSETCATALOG_COMPILER_GLOBAL_ACCENT_COLOR_NAME = AccentColor;
				CODE_SIGN_STYLE = Automatic;
				CURRENT_PROJECT_VERSION = 1;
				DEVELOPMENT_TEAM = 339Z7S98QQ;
				GENERATE_INFOPLIST_FILE = YES;
				INFOPLIST_FILE = "HW7/Supporting Files/Info.plist";
				INFOPLIST_KEY_UIApplicationSupportsIndirectInputEvents = YES;
				INFOPLIST_KEY_UILaunchStoryboardName = LaunchScreen;
				INFOPLIST_KEY_UIMainStoryboardFile = Main;
				INFOPLIST_KEY_UISupportedInterfaceOrientations_iPad = "UIInterfaceOrientationPortrait UIInterfaceOrientationPortraitUpsideDown UIInterfaceOrientationLandscapeLeft UIInterfaceOrientationLandscapeRight";
				INFOPLIST_KEY_UISupportedInterfaceOrientations_iPhone = "UIInterfaceOrientationPortrait UIInterfaceOrientationLandscapeLeft UIInterfaceOrientationLandscapeRight";
				IPHONEOS_DEPLOYMENT_TARGET = 15.0;
				LD_RUNPATH_SEARCH_PATHS = (
					"$(inherited)",
					"@executable_path/Frameworks",
				);
				MARKETING_VERSION = 1.0;
				PRODUCT_BUNDLE_IDENTIFIER = com.example.HW7;
				PRODUCT_NAME = "$(TARGET_NAME)";
				SUPPORTED_PLATFORMS = "iphoneos iphonesimulator";
				SUPPORTS_MACCATALYST = NO;
				SUPPORTS_MAC_DESIGNED_FOR_IPHONE_IPAD = NO;
				SWIFT_EMIT_LOC_STRINGS = YES;
				SWIFT_VERSION = 5.0;
				TARGETED_DEVICE_FAMILY = 1;
			};
			name = Release;
		};
/* End XCBuildConfiguration section */

/* Begin XCConfigurationList section */
		11E61E1C299E8E2F00C0D24F /* Build configuration list for PBXProject "HW7" */ = {
			isa = XCConfigurationList;
			buildConfigurations = (
				11E61E33299E8E3000C0D24F /* Debug */,
				11E61E34299E8E3000C0D24F /* Release */,
			);
			defaultConfigurationIsVisible = 0;
			defaultConfigurationName = Release;
		};
		11E61E35299E8E3000C0D24F /* Build configuration list for PBXNativeTarget "HW7" */ = {
			isa = XCConfigurationList;
			buildConfigurations = (
				11E61E36299E8E3000C0D24F /* Debug */,
				11E61E37299E8E3000C0D24F /* Release */,
			);
			defaultConfigurationIsVisible = 0;
			defaultConfigurationName = Release;
		};
/* End XCConfigurationList section */
	};
	rootObject = 11E61E19299E8E2F00C0D24F /* Project object */;
}
